
Microsoft Visual Studio Solution File, Format Version 12.00
# Visual Studio 15
VisualStudioVersion = 15.0.26124.0
MinimumVisualStudioVersion = 15.0.26124.0
Project("{FAE04EC0-301F-11D3-BF4B-00C04F79EFBC}") = "AlgoHW.Common", "AlgoHW.Common\AlgoHW.Common.csproj", "{285472D6-9AFE-43B2-9780-CF43115FA4D0}"
EndProject
Project("{FAE04EC0-301F-11D3-BF4B-00C04F79EFBC}") = "AlgoHW.PrimMSTLib", "AlgoHW.PrimMSTLib\AlgoHW.PrimMSTLib.csproj", "{31E3171C-CD83-4BB2-B733-F195317403EF}"
EndProject
Project("{FAE04EC0-301F-11D3-BF4B-00C04F79EFBC}") = "AlgoHW.ScheduleLib", "AlgoHW.ScheduleLib\AlgoHW.ScheduleLib.csproj", "{655C955B-E0D9-49F2-B2BA-0E4E58E69659}"
EndProject
Project("{FAE04EC0-301F-11D3-BF4B-00C04F79EFBC}") = "AlgoHW.Tests", "AlgoHW.Tests\AlgoHW.Tests.csproj", "{14B59BEF-D0C7-42F0-A1DC-341D66E91511}"
EndProject
Project("{FAE04EC0-301F-11D3-BF4B-00C04F79EFBC}") = "AlgoHW.Schedule", "AlgoHW.Schedule\AlgoHW.Schedule.csproj", "{DB8091FE-4BD8-4E38-9068-B245A093CA74}"
EndProject
Project("{FAE04EC0-301F-11D3-BF4B-00C04F79EFBC}") = "AlgoHW.PrimMST", "AlgoHW.PrimMST\AlgoHW.PrimMST.csproj", "{A2976BC6-DB52-47E2-805A-799DACC1D4AF}"
EndProject
Project("{FAE04EC0-301F-11D3-BF4B-00C04F79EFBC}") = "AlgoHW.Clustering", "AlgoHW.Clustering\AlgoHW.Clustering.csproj", "{4AC40137-6768-430D-94DA-6B287B0A5D23}"
EndProject
Project("{FAE04EC0-301F-11D3-BF4B-00C04F79EFBC}") = "AlgoHW.ClusteringLib", "AlgoHW.ClusteringLib\AlgoHW.ClusteringLib.csproj", "{893B6164-003B-42CA-8CBB-9B54CD3B49F6}"
EndProject
Project("{FAE04EC0-301F-11D3-BF4B-00C04F79EFBC}") = "AlgoHW.Huffman", "AlgoHW.Huffman\AlgoHW.Huffman.csproj", "{A7CE2C3E-DA1E-42D8-88C9-F683C7A177E1}"
EndProject
Project("{FAE04EC0-301F-11D3-BF4B-00C04F79EFBC}") = "AlgoHW.HuffmanLib", "AlgoHW.HuffmanLib\AlgoHW.HuffmanLib.csproj", "{634AE946-DB57-4D89-8C27-9F1AD84CE283}"
EndProject
Project("{FAE04EC0-301F-11D3-BF4B-00C04F79EFBC}") = "AlgoHW.MWIS", "AlgoHW.MWIS\AlgoHW.MWIS.csproj", "{B3130148-7F20-4FCC-A6BB-28C93D533A3B}"
EndProject
Project("{FAE04EC0-301F-11D3-BF4B-00C04F79EFBC}") = "AlgoHW.MWISLib", "AlgoHW.MWISLib\AlgoHW.MWISLib.csproj", "{271385D2-D766-444C-9DC0-90A4B1A1B5CD}"
EndProject
Project("{FAE04EC0-301F-11D3-BF4B-00C04F79EFBC}") = "AlgoHW.Knapsack", "AlgoHW.Knapsack\AlgoHW.Knapsack.csproj", "{6D05469A-8214-4572-8AF2-698B57EE1FFE}"
EndProject
Project("{FAE04EC0-301F-11D3-BF4B-00C04F79EFBC}") = "AlgoHW.KnapsackLib", "AlgoHW.KnapsackLib\AlgoHW.KnapsackLib.csproj", "{33AEA64D-338C-43BA-A41C-5EFAAC9F4130}"
EndProject
Project("{FAE04EC0-301F-11D3-BF4B-00C04F79EFBC}") = "AlgoHW.AllPairsPaths", "AlgoHW.AllPairsPaths\AlgoHW.AllPairsPaths.csproj", "{10A19576-B4F6-4C64-A5F5-64EE18347D8C}"
EndProject
Project("{FAE04EC0-301F-11D3-BF4B-00C04F79EFBC}") = "AlgoHW.AllPairsPathsLib", "AlgoHW.AllPairsPathsLib\AlgoHW.AllPairsPathsLib.csproj", "{500EDC19-E2E2-4E0D-9D23-6D98901BC832}"
EndProject
Project("{FAE04EC0-301F-11D3-BF4B-00C04F79EFBC}") = "AlgoHW.TSP1", "AlgoHW.TSP1\AlgoHW.TSP1.csproj", "{40F3D965-D467-4EFA-B083-42F083E6E135}"
EndProject
Project("{FAE04EC0-301F-11D3-BF4B-00C04F79EFBC}") = "AlgoHW.TSP1Lib", "AlgoHW.TSP1Lib\AlgoHW.TSP1Lib.csproj", "{A680F5F6-FDFE-45DC-87EB-14174B6D77D9}"
EndProject
Project("{FAE04EC0-301F-11D3-BF4B-00C04F79EFBC}") = "AlgoHW.TSP2", "AlgoHW.TSP2\AlgoHW.TSP2.csproj", "{F158F29E-AC70-4114-95AE-C6A3C12DA248}"
EndProject
Project("{FAE04EC0-301F-11D3-BF4B-00C04F79EFBC}") = "AlgoHW.TSP2Lib", "AlgoHW.TSP2Lib\AlgoHW.TSP2Lib.csproj", "{16262A45-23E4-485C-AEE9-29016C7916FD}"
EndProject
Global
	GlobalSection(SolutionConfigurationPlatforms) = preSolution
		Debug|Any CPU = Debug|Any CPU
		Debug|x64 = Debug|x64
		Debug|x86 = Debug|x86
		Release|Any CPU = Release|Any CPU
		Release|x64 = Release|x64
		Release|x86 = Release|x86
	EndGlobalSection
	GlobalSection(SolutionProperties) = preSolution
		HideSolutionNode = FALSE
	EndGlobalSection
	GlobalSection(ProjectConfigurationPlatforms) = postSolution
		{285472D6-9AFE-43B2-9780-CF43115FA4D0}.Debug|Any CPU.ActiveCfg = Debug|Any CPU
		{285472D6-9AFE-43B2-9780-CF43115FA4D0}.Debug|Any CPU.Build.0 = Debug|Any CPU
		{285472D6-9AFE-43B2-9780-CF43115FA4D0}.Debug|x64.ActiveCfg = Debug|Any CPU
		{285472D6-9AFE-43B2-9780-CF43115FA4D0}.Debug|x64.Build.0 = Debug|Any CPU
		{285472D6-9AFE-43B2-9780-CF43115FA4D0}.Debug|x86.ActiveCfg = Debug|Any CPU
		{285472D6-9AFE-43B2-9780-CF43115FA4D0}.Debug|x86.Build.0 = Debug|Any CPU
		{285472D6-9AFE-43B2-9780-CF43115FA4D0}.Release|Any CPU.ActiveCfg = Release|Any CPU
		{285472D6-9AFE-43B2-9780-CF43115FA4D0}.Release|Any CPU.Build.0 = Release|Any CPU
		{285472D6-9AFE-43B2-9780-CF43115FA4D0}.Release|x64.ActiveCfg = Release|Any CPU
		{285472D6-9AFE-43B2-9780-CF43115FA4D0}.Release|x64.Build.0 = Release|Any CPU
		{285472D6-9AFE-43B2-9780-CF43115FA4D0}.Release|x86.ActiveCfg = Release|Any CPU
		{285472D6-9AFE-43B2-9780-CF43115FA4D0}.Release|x86.Build.0 = Release|Any CPU
		{31E3171C-CD83-4BB2-B733-F195317403EF}.Debug|Any CPU.ActiveCfg = Debug|Any CPU
		{31E3171C-CD83-4BB2-B733-F195317403EF}.Debug|Any CPU.Build.0 = Debug|Any CPU
		{31E3171C-CD83-4BB2-B733-F195317403EF}.Debug|x64.ActiveCfg = Debug|Any CPU
		{31E3171C-CD83-4BB2-B733-F195317403EF}.Debug|x64.Build.0 = Debug|Any CPU
		{31E3171C-CD83-4BB2-B733-F195317403EF}.Debug|x86.ActiveCfg = Debug|Any CPU
		{31E3171C-CD83-4BB2-B733-F195317403EF}.Debug|x86.Build.0 = Debug|Any CPU
		{31E3171C-CD83-4BB2-B733-F195317403EF}.Release|Any CPU.ActiveCfg = Release|Any CPU
		{31E3171C-CD83-4BB2-B733-F195317403EF}.Release|Any CPU.Build.0 = Release|Any CPU
		{31E3171C-CD83-4BB2-B733-F195317403EF}.Release|x64.ActiveCfg = Release|Any CPU
		{31E3171C-CD83-4BB2-B733-F195317403EF}.Release|x64.Build.0 = Release|Any CPU
		{31E3171C-CD83-4BB2-B733-F195317403EF}.Release|x86.ActiveCfg = Release|Any CPU
		{31E3171C-CD83-4BB2-B733-F195317403EF}.Release|x86.Build.0 = Release|Any CPU
		{655C955B-E0D9-49F2-B2BA-0E4E58E69659}.Debug|Any CPU.ActiveCfg = Debug|Any CPU
		{655C955B-E0D9-49F2-B2BA-0E4E58E69659}.Debug|Any CPU.Build.0 = Debug|Any CPU
		{655C955B-E0D9-49F2-B2BA-0E4E58E69659}.Debug|x64.ActiveCfg = Debug|Any CPU
		{655C955B-E0D9-49F2-B2BA-0E4E58E69659}.Debug|x64.Build.0 = Debug|Any CPU
		{655C955B-E0D9-49F2-B2BA-0E4E58E69659}.Debug|x86.ActiveCfg = Debug|Any CPU
		{655C955B-E0D9-49F2-B2BA-0E4E58E69659}.Debug|x86.Build.0 = Debug|Any CPU
		{655C955B-E0D9-49F2-B2BA-0E4E58E69659}.Release|Any CPU.ActiveCfg = Release|Any CPU
		{655C955B-E0D9-49F2-B2BA-0E4E58E69659}.Release|Any CPU.Build.0 = Release|Any CPU
		{655C955B-E0D9-49F2-B2BA-0E4E58E69659}.Release|x64.ActiveCfg = Release|Any CPU
		{655C955B-E0D9-49F2-B2BA-0E4E58E69659}.Release|x64.Build.0 = Release|Any CPU
		{655C955B-E0D9-49F2-B2BA-0E4E58E69659}.Release|x86.ActiveCfg = Release|Any CPU
		{655C955B-E0D9-49F2-B2BA-0E4E58E69659}.Release|x86.Build.0 = Release|Any CPU
		{14B59BEF-D0C7-42F0-A1DC-341D66E91511}.Debug|Any CPU.ActiveCfg = Debug|Any CPU
		{14B59BEF-D0C7-42F0-A1DC-341D66E91511}.Debug|Any CPU.Build.0 = Debug|Any CPU
		{14B59BEF-D0C7-42F0-A1DC-341D66E91511}.Debug|x64.ActiveCfg = Debug|Any CPU
		{14B59BEF-D0C7-42F0-A1DC-341D66E91511}.Debug|x64.Build.0 = Debug|Any CPU
		{14B59BEF-D0C7-42F0-A1DC-341D66E91511}.Debug|x86.ActiveCfg = Debug|Any CPU
		{14B59BEF-D0C7-42F0-A1DC-341D66E91511}.Debug|x86.Build.0 = Debug|Any CPU
		{14B59BEF-D0C7-42F0-A1DC-341D66E91511}.Release|Any CPU.ActiveCfg = Release|Any CPU
		{14B59BEF-D0C7-42F0-A1DC-341D66E91511}.Release|Any CPU.Build.0 = Release|Any CPU
		{14B59BEF-D0C7-42F0-A1DC-341D66E91511}.Release|x64.ActiveCfg = Release|Any CPU
		{14B59BEF-D0C7-42F0-A1DC-341D66E91511}.Release|x64.Build.0 = Release|Any CPU
		{14B59BEF-D0C7-42F0-A1DC-341D66E91511}.Release|x86.ActiveCfg = Release|Any CPU
		{14B59BEF-D0C7-42F0-A1DC-341D66E91511}.Release|x86.Build.0 = Release|Any CPU
		{DB8091FE-4BD8-4E38-9068-B245A093CA74}.Debug|Any CPU.ActiveCfg = Debug|Any CPU
		{DB8091FE-4BD8-4E38-9068-B245A093CA74}.Debug|Any CPU.Build.0 = Debug|Any CPU
		{DB8091FE-4BD8-4E38-9068-B245A093CA74}.Debug|x64.ActiveCfg = Debug|Any CPU
		{DB8091FE-4BD8-4E38-9068-B245A093CA74}.Debug|x64.Build.0 = Debug|Any CPU
		{DB8091FE-4BD8-4E38-9068-B245A093CA74}.Debug|x86.ActiveCfg = Debug|Any CPU
		{DB8091FE-4BD8-4E38-9068-B245A093CA74}.Debug|x86.Build.0 = Debug|Any CPU
		{DB8091FE-4BD8-4E38-9068-B245A093CA74}.Release|Any CPU.ActiveCfg = Release|Any CPU
		{DB8091FE-4BD8-4E38-9068-B245A093CA74}.Release|Any CPU.Build.0 = Release|Any CPU
		{DB8091FE-4BD8-4E38-9068-B245A093CA74}.Release|x64.ActiveCfg = Release|Any CPU
		{DB8091FE-4BD8-4E38-9068-B245A093CA74}.Release|x64.Build.0 = Release|Any CPU
		{DB8091FE-4BD8-4E38-9068-B245A093CA74}.Release|x86.ActiveCfg = Release|Any CPU
		{DB8091FE-4BD8-4E38-9068-B245A093CA74}.Release|x86.Build.0 = Release|Any CPU
		{A2976BC6-DB52-47E2-805A-799DACC1D4AF}.Debug|Any CPU.ActiveCfg = Debug|Any CPU
		{A2976BC6-DB52-47E2-805A-799DACC1D4AF}.Debug|Any CPU.Build.0 = Debug|Any CPU
		{A2976BC6-DB52-47E2-805A-799DACC1D4AF}.Debug|x64.ActiveCfg = Debug|Any CPU
		{A2976BC6-DB52-47E2-805A-799DACC1D4AF}.Debug|x64.Build.0 = Debug|Any CPU
		{A2976BC6-DB52-47E2-805A-799DACC1D4AF}.Debug|x86.ActiveCfg = Debug|Any CPU
		{A2976BC6-DB52-47E2-805A-799DACC1D4AF}.Debug|x86.Build.0 = Debug|Any CPU
		{A2976BC6-DB52-47E2-805A-799DACC1D4AF}.Release|Any CPU.ActiveCfg = Release|Any CPU
		{A2976BC6-DB52-47E2-805A-799DACC1D4AF}.Release|Any CPU.Build.0 = Release|Any CPU
		{A2976BC6-DB52-47E2-805A-799DACC1D4AF}.Release|x64.ActiveCfg = Release|Any CPU
		{A2976BC6-DB52-47E2-805A-799DACC1D4AF}.Release|x64.Build.0 = Release|Any CPU
		{A2976BC6-DB52-47E2-805A-799DACC1D4AF}.Release|x86.ActiveCfg = Release|Any CPU
		{A2976BC6-DB52-47E2-805A-799DACC1D4AF}.Release|x86.Build.0 = Release|Any CPU
		{4AC40137-6768-430D-94DA-6B287B0A5D23}.Debug|Any CPU.ActiveCfg = Debug|Any CPU
		{4AC40137-6768-430D-94DA-6B287B0A5D23}.Debug|Any CPU.Build.0 = Debug|Any CPU
		{4AC40137-6768-430D-94DA-6B287B0A5D23}.Debug|x64.ActiveCfg = Debug|Any CPU
		{4AC40137-6768-430D-94DA-6B287B0A5D23}.Debug|x64.Build.0 = Debug|Any CPU
		{4AC40137-6768-430D-94DA-6B287B0A5D23}.Debug|x86.ActiveCfg = Debug|Any CPU
		{4AC40137-6768-430D-94DA-6B287B0A5D23}.Debug|x86.Build.0 = Debug|Any CPU
		{4AC40137-6768-430D-94DA-6B287B0A5D23}.Release|Any CPU.ActiveCfg = Release|Any CPU
		{4AC40137-6768-430D-94DA-6B287B0A5D23}.Release|Any CPU.Build.0 = Release|Any CPU
		{4AC40137-6768-430D-94DA-6B287B0A5D23}.Release|x64.ActiveCfg = Release|Any CPU
		{4AC40137-6768-430D-94DA-6B287B0A5D23}.Release|x64.Build.0 = Release|Any CPU
		{4AC40137-6768-430D-94DA-6B287B0A5D23}.Release|x86.ActiveCfg = Release|Any CPU
		{4AC40137-6768-430D-94DA-6B287B0A5D23}.Release|x86.Build.0 = Release|Any CPU
		{893B6164-003B-42CA-8CBB-9B54CD3B49F6}.Debug|Any CPU.ActiveCfg = Debug|Any CPU
		{893B6164-003B-42CA-8CBB-9B54CD3B49F6}.Debug|Any CPU.Build.0 = Debug|Any CPU
		{893B6164-003B-42CA-8CBB-9B54CD3B49F6}.Debug|x64.ActiveCfg = Debug|Any CPU
		{893B6164-003B-42CA-8CBB-9B54CD3B49F6}.Debug|x64.Build.0 = Debug|Any CPU
		{893B6164-003B-42CA-8CBB-9B54CD3B49F6}.Debug|x86.ActiveCfg = Debug|Any CPU
		{893B6164-003B-42CA-8CBB-9B54CD3B49F6}.Debug|x86.Build.0 = Debug|Any CPU
		{893B6164-003B-42CA-8CBB-9B54CD3B49F6}.Release|Any CPU.ActiveCfg = Release|Any CPU
		{893B6164-003B-42CA-8CBB-9B54CD3B49F6}.Release|Any CPU.Build.0 = Release|Any CPU
		{893B6164-003B-42CA-8CBB-9B54CD3B49F6}.Release|x64.ActiveCfg = Release|Any CPU
		{893B6164-003B-42CA-8CBB-9B54CD3B49F6}.Release|x64.Build.0 = Release|Any CPU
		{893B6164-003B-42CA-8CBB-9B54CD3B49F6}.Release|x86.ActiveCfg = Release|Any CPU
		{893B6164-003B-42CA-8CBB-9B54CD3B49F6}.Release|x86.Build.0 = Release|Any CPU
		{A7CE2C3E-DA1E-42D8-88C9-F683C7A177E1}.Debug|Any CPU.ActiveCfg = Debug|Any CPU
		{A7CE2C3E-DA1E-42D8-88C9-F683C7A177E1}.Debug|Any CPU.Build.0 = Debug|Any CPU
		{A7CE2C3E-DA1E-42D8-88C9-F683C7A177E1}.Debug|x64.ActiveCfg = Debug|Any CPU
		{A7CE2C3E-DA1E-42D8-88C9-F683C7A177E1}.Debug|x64.Build.0 = Debug|Any CPU
		{A7CE2C3E-DA1E-42D8-88C9-F683C7A177E1}.Debug|x86.ActiveCfg = Debug|Any CPU
		{A7CE2C3E-DA1E-42D8-88C9-F683C7A177E1}.Debug|x86.Build.0 = Debug|Any CPU
		{A7CE2C3E-DA1E-42D8-88C9-F683C7A177E1}.Release|Any CPU.ActiveCfg = Release|Any CPU
		{A7CE2C3E-DA1E-42D8-88C9-F683C7A177E1}.Release|Any CPU.Build.0 = Release|Any CPU
		{A7CE2C3E-DA1E-42D8-88C9-F683C7A177E1}.Release|x64.ActiveCfg = Release|Any CPU
		{A7CE2C3E-DA1E-42D8-88C9-F683C7A177E1}.Release|x64.Build.0 = Release|Any CPU
		{A7CE2C3E-DA1E-42D8-88C9-F683C7A177E1}.Release|x86.ActiveCfg = Release|Any CPU
		{A7CE2C3E-DA1E-42D8-88C9-F683C7A177E1}.Release|x86.Build.0 = Release|Any CPU
		{634AE946-DB57-4D89-8C27-9F1AD84CE283}.Debug|Any CPU.ActiveCfg = Debug|Any CPU
		{634AE946-DB57-4D89-8C27-9F1AD84CE283}.Debug|Any CPU.Build.0 = Debug|Any CPU
		{634AE946-DB57-4D89-8C27-9F1AD84CE283}.Debug|x64.ActiveCfg = Debug|Any CPU
		{634AE946-DB57-4D89-8C27-9F1AD84CE283}.Debug|x64.Build.0 = Debug|Any CPU
		{634AE946-DB57-4D89-8C27-9F1AD84CE283}.Debug|x86.ActiveCfg = Debug|Any CPU
		{634AE946-DB57-4D89-8C27-9F1AD84CE283}.Debug|x86.Build.0 = Debug|Any CPU
		{634AE946-DB57-4D89-8C27-9F1AD84CE283}.Release|Any CPU.ActiveCfg = Release|Any CPU
		{634AE946-DB57-4D89-8C27-9F1AD84CE283}.Release|Any CPU.Build.0 = Release|Any CPU
		{634AE946-DB57-4D89-8C27-9F1AD84CE283}.Release|x64.ActiveCfg = Release|Any CPU
		{634AE946-DB57-4D89-8C27-9F1AD84CE283}.Release|x64.Build.0 = Release|Any CPU
		{634AE946-DB57-4D89-8C27-9F1AD84CE283}.Release|x86.ActiveCfg = Release|Any CPU
		{634AE946-DB57-4D89-8C27-9F1AD84CE283}.Release|x86.Build.0 = Release|Any CPU
		{B3130148-7F20-4FCC-A6BB-28C93D533A3B}.Debug|Any CPU.ActiveCfg = Debug|Any CPU
		{B3130148-7F20-4FCC-A6BB-28C93D533A3B}.Debug|Any CPU.Build.0 = Debug|Any CPU
		{B3130148-7F20-4FCC-A6BB-28C93D533A3B}.Debug|x64.ActiveCfg = Debug|Any CPU
		{B3130148-7F20-4FCC-A6BB-28C93D533A3B}.Debug|x64.Build.0 = Debug|Any CPU
		{B3130148-7F20-4FCC-A6BB-28C93D533A3B}.Debug|x86.ActiveCfg = Debug|Any CPU
		{B3130148-7F20-4FCC-A6BB-28C93D533A3B}.Debug|x86.Build.0 = Debug|Any CPU
		{B3130148-7F20-4FCC-A6BB-28C93D533A3B}.Release|Any CPU.ActiveCfg = Release|Any CPU
		{B3130148-7F20-4FCC-A6BB-28C93D533A3B}.Release|Any CPU.Build.0 = Release|Any CPU
		{B3130148-7F20-4FCC-A6BB-28C93D533A3B}.Release|x64.ActiveCfg = Release|Any CPU
		{B3130148-7F20-4FCC-A6BB-28C93D533A3B}.Release|x64.Build.0 = Release|Any CPU
		{B3130148-7F20-4FCC-A6BB-28C93D533A3B}.Release|x86.ActiveCfg = Release|Any CPU
		{B3130148-7F20-4FCC-A6BB-28C93D533A3B}.Release|x86.Build.0 = Release|Any CPU
		{271385D2-D766-444C-9DC0-90A4B1A1B5CD}.Debug|Any CPU.ActiveCfg = Debug|Any CPU
		{271385D2-D766-444C-9DC0-90A4B1A1B5CD}.Debug|Any CPU.Build.0 = Debug|Any CPU
		{271385D2-D766-444C-9DC0-90A4B1A1B5CD}.Debug|x64.ActiveCfg = Debug|Any CPU
		{271385D2-D766-444C-9DC0-90A4B1A1B5CD}.Debug|x64.Build.0 = Debug|Any CPU
		{271385D2-D766-444C-9DC0-90A4B1A1B5CD}.Debug|x86.ActiveCfg = Debug|Any CPU
		{271385D2-D766-444C-9DC0-90A4B1A1B5CD}.Debug|x86.Build.0 = Debug|Any CPU
		{271385D2-D766-444C-9DC0-90A4B1A1B5CD}.Release|Any CPU.ActiveCfg = Release|Any CPU
		{271385D2-D766-444C-9DC0-90A4B1A1B5CD}.Release|Any CPU.Build.0 = Release|Any CPU
		{271385D2-D766-444C-9DC0-90A4B1A1B5CD}.Release|x64.ActiveCfg = Release|Any CPU
		{271385D2-D766-444C-9DC0-90A4B1A1B5CD}.Release|x64.Build.0 = Release|Any CPU
		{271385D2-D766-444C-9DC0-90A4B1A1B5CD}.Release|x86.ActiveCfg = Release|Any CPU
		{271385D2-D766-444C-9DC0-90A4B1A1B5CD}.Release|x86.Build.0 = Release|Any CPU
		{6D05469A-8214-4572-8AF2-698B57EE1FFE}.Debug|Any CPU.ActiveCfg = Debug|Any CPU
		{6D05469A-8214-4572-8AF2-698B57EE1FFE}.Debug|Any CPU.Build.0 = Debug|Any CPU
		{6D05469A-8214-4572-8AF2-698B57EE1FFE}.Debug|x64.ActiveCfg = Debug|Any CPU
		{6D05469A-8214-4572-8AF2-698B57EE1FFE}.Debug|x64.Build.0 = Debug|Any CPU
		{6D05469A-8214-4572-8AF2-698B57EE1FFE}.Debug|x86.ActiveCfg = Debug|Any CPU
		{6D05469A-8214-4572-8AF2-698B57EE1FFE}.Debug|x86.Build.0 = Debug|Any CPU
		{6D05469A-8214-4572-8AF2-698B57EE1FFE}.Release|Any CPU.ActiveCfg = Release|Any CPU
		{6D05469A-8214-4572-8AF2-698B57EE1FFE}.Release|Any CPU.Build.0 = Release|Any CPU
		{6D05469A-8214-4572-8AF2-698B57EE1FFE}.Release|x64.ActiveCfg = Release|Any CPU
		{6D05469A-8214-4572-8AF2-698B57EE1FFE}.Release|x64.Build.0 = Release|Any CPU
		{6D05469A-8214-4572-8AF2-698B57EE1FFE}.Release|x86.ActiveCfg = Release|Any CPU
		{6D05469A-8214-4572-8AF2-698B57EE1FFE}.Release|x86.Build.0 = Release|Any CPU
		{33AEA64D-338C-43BA-A41C-5EFAAC9F4130}.Debug|Any CPU.ActiveCfg = Debug|Any CPU
		{33AEA64D-338C-43BA-A41C-5EFAAC9F4130}.Debug|Any CPU.Build.0 = Debug|Any CPU
		{33AEA64D-338C-43BA-A41C-5EFAAC9F4130}.Debug|x64.ActiveCfg = Debug|Any CPU
		{33AEA64D-338C-43BA-A41C-5EFAAC9F4130}.Debug|x64.Build.0 = Debug|Any CPU
		{33AEA64D-338C-43BA-A41C-5EFAAC9F4130}.Debug|x86.ActiveCfg = Debug|Any CPU
		{33AEA64D-338C-43BA-A41C-5EFAAC9F4130}.Debug|x86.Build.0 = Debug|Any CPU
		{33AEA64D-338C-43BA-A41C-5EFAAC9F4130}.Release|Any CPU.ActiveCfg = Release|Any CPU
		{33AEA64D-338C-43BA-A41C-5EFAAC9F4130}.Release|Any CPU.Build.0 = Release|Any CPU
		{33AEA64D-338C-43BA-A41C-5EFAAC9F4130}.Release|x64.ActiveCfg = Release|Any CPU
		{33AEA64D-338C-43BA-A41C-5EFAAC9F4130}.Release|x64.Build.0 = Release|Any CPU
		{33AEA64D-338C-43BA-A41C-5EFAAC9F4130}.Release|x86.ActiveCfg = Release|Any CPU
		{33AEA64D-338C-43BA-A41C-5EFAAC9F4130}.Release|x86.Build.0 = Release|Any CPU
		{10A19576-B4F6-4C64-A5F5-64EE18347D8C}.Debug|Any CPU.ActiveCfg = Debug|Any CPU
		{10A19576-B4F6-4C64-A5F5-64EE18347D8C}.Debug|Any CPU.Build.0 = Debug|Any CPU
		{10A19576-B4F6-4C64-A5F5-64EE18347D8C}.Debug|x64.ActiveCfg = Debug|Any CPU
		{10A19576-B4F6-4C64-A5F5-64EE18347D8C}.Debug|x64.Build.0 = Debug|Any CPU
		{10A19576-B4F6-4C64-A5F5-64EE18347D8C}.Debug|x86.ActiveCfg = Debug|Any CPU
		{10A19576-B4F6-4C64-A5F5-64EE18347D8C}.Debug|x86.Build.0 = Debug|Any CPU
		{10A19576-B4F6-4C64-A5F5-64EE18347D8C}.Release|Any CPU.ActiveCfg = Release|Any CPU
		{10A19576-B4F6-4C64-A5F5-64EE18347D8C}.Release|Any CPU.Build.0 = Release|Any CPU
		{10A19576-B4F6-4C64-A5F5-64EE18347D8C}.Release|x64.ActiveCfg = Release|Any CPU
		{10A19576-B4F6-4C64-A5F5-64EE18347D8C}.Release|x64.Build.0 = Release|Any CPU
		{10A19576-B4F6-4C64-A5F5-64EE18347D8C}.Release|x86.ActiveCfg = Release|Any CPU
		{10A19576-B4F6-4C64-A5F5-64EE18347D8C}.Release|x86.Build.0 = Release|Any CPU
		{500EDC19-E2E2-4E0D-9D23-6D98901BC832}.Debug|Any CPU.ActiveCfg = Debug|Any CPU
		{500EDC19-E2E2-4E0D-9D23-6D98901BC832}.Debug|Any CPU.Build.0 = Debug|Any CPU
		{500EDC19-E2E2-4E0D-9D23-6D98901BC832}.Debug|x64.ActiveCfg = Debug|Any CPU
		{500EDC19-E2E2-4E0D-9D23-6D98901BC832}.Debug|x64.Build.0 = Debug|Any CPU
		{500EDC19-E2E2-4E0D-9D23-6D98901BC832}.Debug|x86.ActiveCfg = Debug|Any CPU
		{500EDC19-E2E2-4E0D-9D23-6D98901BC832}.Debug|x86.Build.0 = Debug|Any CPU
		{500EDC19-E2E2-4E0D-9D23-6D98901BC832}.Release|Any CPU.ActiveCfg = Release|Any CPU
		{500EDC19-E2E2-4E0D-9D23-6D98901BC832}.Release|Any CPU.Build.0 = Release|Any CPU
		{500EDC19-E2E2-4E0D-9D23-6D98901BC832}.Release|x64.ActiveCfg = Release|Any CPU
		{500EDC19-E2E2-4E0D-9D23-6D98901BC832}.Release|x64.Build.0 = Release|Any CPU
		{500EDC19-E2E2-4E0D-9D23-6D98901BC832}.Release|x86.ActiveCfg = Release|Any CPU
		{500EDC19-E2E2-4E0D-9D23-6D98901BC832}.Release|x86.Build.0 = Release|Any CPU
		{40F3D965-D467-4EFA-B083-42F083E6E135}.Debug|Any CPU.ActiveCfg = Debug|Any CPU
		{40F3D965-D467-4EFA-B083-42F083E6E135}.Debug|Any CPU.Build.0 = Debug|Any CPU
		{40F3D965-D467-4EFA-B083-42F083E6E135}.Debug|x64.ActiveCfg = Debug|Any CPU
		{40F3D965-D467-4EFA-B083-42F083E6E135}.Debug|x64.Build.0 = Debug|Any CPU
		{40F3D965-D467-4EFA-B083-42F083E6E135}.Debug|x86.ActiveCfg = Debug|Any CPU
		{40F3D965-D467-4EFA-B083-42F083E6E135}.Debug|x86.Build.0 = Debug|Any CPU
		{40F3D965-D467-4EFA-B083-42F083E6E135}.Release|Any CPU.ActiveCfg = Release|Any CPU
		{40F3D965-D467-4EFA-B083-42F083E6E135}.Release|Any CPU.Build.0 = Release|Any CPU
		{40F3D965-D467-4EFA-B083-42F083E6E135}.Release|x64.ActiveCfg = Release|Any CPU
		{40F3D965-D467-4EFA-B083-42F083E6E135}.Release|x64.Build.0 = Release|Any CPU
		{40F3D965-D467-4EFA-B083-42F083E6E135}.Release|x86.ActiveCfg = Release|Any CPU
		{40F3D965-D467-4EFA-B083-42F083E6E135}.Release|x86.Build.0 = Release|Any CPU
		{A680F5F6-FDFE-45DC-87EB-14174B6D77D9}.Debug|Any CPU.ActiveCfg = Debug|Any CPU
		{A680F5F6-FDFE-45DC-87EB-14174B6D77D9}.Debug|Any CPU.Build.0 = Debug|Any CPU
		{A680F5F6-FDFE-45DC-87EB-14174B6D77D9}.Debug|x64.ActiveCfg = Debug|Any CPU
		{A680F5F6-FDFE-45DC-87EB-14174B6D77D9}.Debug|x64.Build.0 = Debug|Any CPU
		{A680F5F6-FDFE-45DC-87EB-14174B6D77D9}.Debug|x86.ActiveCfg = Debug|Any CPU
		{A680F5F6-FDFE-45DC-87EB-14174B6D77D9}.Debug|x86.Build.0 = Debug|Any CPU
		{A680F5F6-FDFE-45DC-87EB-14174B6D77D9}.Release|Any CPU.ActiveCfg = Release|Any CPU
		{A680F5F6-FDFE-45DC-87EB-14174B6D77D9}.Release|Any CPU.Build.0 = Release|Any CPU
		{A680F5F6-FDFE-45DC-87EB-14174B6D77D9}.Release|x64.ActiveCfg = Release|Any CPU
		{A680F5F6-FDFE-45DC-87EB-14174B6D77D9}.Release|x64.Build.0 = Release|Any CPU
		{A680F5F6-FDFE-45DC-87EB-14174B6D77D9}.Release|x86.ActiveCfg = Release|Any CPU
		{A680F5F6-FDFE-45DC-87EB-14174B6D77D9}.Release|x86.Build.0 = Release|Any CPU
		{F158F29E-AC70-4114-95AE-C6A3C12DA248}.Debug|Any CPU.ActiveCfg = Debug|Any CPU
		{F158F29E-AC70-4114-95AE-C6A3C12DA248}.Debug|Any CPU.Build.0 = Debug|Any CPU
		{F158F29E-AC70-4114-95AE-C6A3C12DA248}.Debug|x64.ActiveCfg = Debug|Any CPU
		{F158F29E-AC70-4114-95AE-C6A3C12DA248}.Debug|x64.Build.0 = Debug|Any CPU
		{F158F29E-AC70-4114-95AE-C6A3C12DA248}.Debug|x86.ActiveCfg = Debug|Any CPU
		{F158F29E-AC70-4114-95AE-C6A3C12DA248}.Debug|x86.Build.0 = Debug|Any CPU
		{F158F29E-AC70-4114-95AE-C6A3C12DA248}.Release|Any CPU.ActiveCfg = Release|Any CPU
		{F158F29E-AC70-4114-95AE-C6A3C12DA248}.Release|Any CPU.Build.0 = Release|Any CPU
		{F158F29E-AC70-4114-95AE-C6A3C12DA248}.Release|x64.ActiveCfg = Release|Any CPU
		{F158F29E-AC70-4114-95AE-C6A3C12DA248}.Release|x64.Build.0 = Release|Any CPU
		{F158F29E-AC70-4114-95AE-C6A3C12DA248}.Release|x86.ActiveCfg = Release|Any CPU
		{F158F29E-AC70-4114-95AE-C6A3C12DA248}.Release|x86.Build.0 = Release|Any CPU
		{16262A45-23E4-485C-AEE9-29016C7916FD}.Debug|Any CPU.ActiveCfg = Debug|Any CPU
		{16262A45-23E4-485C-AEE9-29016C7916FD}.Debug|Any CPU.Build.0 = Debug|Any CPU
		{16262A45-23E4-485C-AEE9-29016C7916FD}.Debug|x64.ActiveCfg = Debug|Any CPU
		{16262A45-23E4-485C-AEE9-29016C7916FD}.Debug|x64.Build.0 = Debug|Any CPU
		{16262A45-23E4-485C-AEE9-29016C7916FD}.Debug|x86.ActiveCfg = Debug|Any CPU
		{16262A45-23E4-485C-AEE9-29016C7916FD}.Debug|x86.Build.0 = Debug|Any CPU
		{16262A45-23E4-485C-AEE9-29016C7916FD}.Release|Any CPU.ActiveCfg = Release|Any CPU
		{16262A45-23E4-485C-AEE9-29016C7916FD}.Release|Any CPU.Build.0 = Release|Any CPU
		{16262A45-23E4-485C-AEE9-29016C7916FD}.Release|x64.ActiveCfg = Release|Any CPU
		{16262A45-23E4-485C-AEE9-29016C7916FD}.Release|x64.Build.0 = Release|Any CPU
		{16262A45-23E4-485C-AEE9-29016C7916FD}.Release|x86.ActiveCfg = Release|Any CPU
		{16262A45-23E4-485C-AEE9-29016C7916FD}.Release|x86.Build.0 = Release|Any CPU
	EndGlobalSection
EndGlobal
